
Microsoft Visual Studio Solution File, Format Version 12.00
# Visual Studio 14
VisualStudioVersion = 14.0.23107.0
MinimumVisualStudioVersion = 10.0.40219.1
Project("{FAE04EC0-301F-11D3-BF4B-00C04F79EFBC}") = "PrimeNumbers.UnitTests", "PrimeNumbers.UnitTests\PrimeNumbers.UnitTests.csproj", "{4D13227B-6979-4E07-9649-277CE33696E6}"
EndProject
Project("{2150E333-8FDC-42A3-9474-1A3956D46DE8}") = "Tests", "Tests", "{7BE0ADDC-95D7-43DF-9687-A371D3261CC3}"
EndProject
Project("{FAE04EC0-301F-11D3-BF4B-00C04F79EFBC}") = "PrimeNumbers.Core", "PrimeNumbers.Core\PrimeNumbers.Core.csproj", "{069A2843-C4BF-4AB5-987C-18FE55F50291}"
EndProject
Global
	GlobalSection(SolutionConfigurationPlatforms) = preSolution
		Debug|Any CPU = Debug|Any CPU
		Release|Any CPU = Release|Any CPU
	EndGlobalSection
	GlobalSection(ProjectConfigurationPlatforms) = postSolution
		{4D13227B-6979-4E07-9649-277CE33696E6}.Debug|Any CPU.ActiveCfg = Debug|Any CPU
		{4D13227B-6979-4E07-9649-277CE33696E6}.Debug|Any CPU.Build.0 = Debug|Any CPU
		{4D13227B-6979-4E07-9649-277CE33696E6}.Release|Any CPU.ActiveCfg = Release|Any CPU
		{4D13227B-6979-4E07-9649-277CE33696E6}.Release|Any CPU.Build.0 = Release|Any CPU
		{069A2843-C4BF-4AB5-987C-18FE55F50291}.Debug|Any CPU.ActiveCfg = Debug|Any CPU
		{069A2843-C4BF-4AB5-987C-18FE55F50291}.Debug|Any CPU.Build.0 = Debug|Any CPU
		{069A2843-C4BF-4AB5-987C-18FE55F50291}.Release|Any CPU.ActiveCfg = Release|Any CPU
		{069A2843-C4BF-4AB5-987C-18FE55F50291}.Release|Any CPU.Build.0 = Release|Any CPU
	EndGlobalSection
	GlobalSection(SolutionProperties) = preSolution
		HideSolutionNode = FALSE
	EndGlobalSection
	GlobalSection(NestedProjects) = preSolution
		{4D13227B-6979-4E07-9649-277CE33696E6} = {7BE0ADDC-95D7-43DF-9687-A371D3261CC3}
	EndGlobalSection
EndGlobal
